
Microsoft Visual Studio Solution File, Format Version 12.00
# Visual Studio Version 17
VisualStudioVersion = 17.14.36301.6
MinimumVisualStudioVersion = 10.0.40219.1
Project("{8BC9CEB8-8B4A-11D0-8D11-00A0C91BC942}") = "openvr_treadmill_driver", "openvr_treadmill_driver.vcxproj", "{B977FC40-8834-42E8-8B5B-0EF402028AEF}"
EndProject
Global
	GlobalSection(SolutionConfigurationPlatforms) = preSolution
		Debug|x64 = Debug|x64
		Debug|x86 = Debug|x86
		Release|x64 = Release|x64
		Release|x86 = Release|x86
	EndGlobalSection
	GlobalSection(ProjectConfigurationPlatforms) = postSolution
		{B977FC40-8834-42E8-8B5B-0EF402028AEF}.Debug|x64.ActiveCfg = Release|x64
		{B977FC40-8834-42E8-8B5B-0EF402028AEF}.Debug|x64.Build.0 = Release|x64
		{B977FC40-8834-42E8-8B5B-0EF402028AEF}.Debug|x86.ActiveCfg = Debug|Win32
		{B977FC40-8834-42E8-8B5B-0EF402028AEF}.Debug|x86.Build.0 = Debug|Win32
		{B977FC40-8834-42E8-8B5B-0EF402028AEF}.Release|x64.ActiveCfg = Release|x64
		{B977FC40-8834-42E8-8B5B-0EF402028AEF}.Release|x64.Build.0 = Release|x64
		{B977FC40-8834-42E8-8B5B-0EF402028AEF}.Release|x86.ActiveCfg = Release|Win32
		{B977FC40-8834-42E8-8B5B-0EF402028AEF}.Release|x86.Build.0 = Release|Win32
	EndGlobalSection
	GlobalSection(SolutionProperties) = preSolution
		HideSolutionNode = FALSE
	EndGlobalSection
	GlobalSection(ExtensibilityGlobals) = postSolution
		SolutionGuid = {9474CBB7-D9A0-4C4E-9434-7E73D179C214}
	EndGlobalSection
EndGlobal
